
Microsoft Visual Studio Solution File, Format Version 12.00
# Visual Studio 2012
Project("{8BC9CEB8-8B4A-11D0-8D11-00A0C91BC942}") = "battleship", "battleship\battleship.vcxproj", "{2B7893CA-7B91-4356-823F-FE3C09E94B68}"
EndProject
Project("{8BC9CEB8-8B4A-11D0-8D11-00A0C91BC942}") = "message_protocol", "message_protocol\message_protocol.vcxproj", "{3E73E17D-A37D-4A63-B9B3-E68514D87F51}"
EndProject
Global
	GlobalSection(SolutionConfigurationPlatforms) = preSolution
		Debug|Win32 = Debug|Win32
		Release|Win32 = Release|Win32
	EndGlobalSection
	GlobalSection(ProjectConfigurationPlatforms) = postSolution
		{2B7893CA-7B91-4356-823F-FE3C09E94B68}.Debug|Win32.ActiveCfg = Debug|Win32
		{2B7893CA-7B91-4356-823F-FE3C09E94B68}.Debug|Win32.Build.0 = Debug|Win32
		{2B7893CA-7B91-4356-823F-FE3C09E94B68}.Release|Win32.ActiveCfg = Release|Win32
		{2B7893CA-7B91-4356-823F-FE3C09E94B68}.Release|Win32.Build.0 = Release|Win32
		{3E73E17D-A37D-4A63-B9B3-E68514D87F51}.Debug|Win32.ActiveCfg = Debug|Win32
		{3E73E17D-A37D-4A63-B9B3-E68514D87F51}.Debug|Win32.Build.0 = Debug|Win32
		{3E73E17D-A37D-4A63-B9B3-E68514D87F51}.Release|Win32.ActiveCfg = Release|Win32
		{3E73E17D-A37D-4A63-B9B3-E68514D87F51}.Release|Win32.Build.0 = Release|Win32
	EndGlobalSection
	GlobalSection(SolutionProperties) = preSolution
		HideSolutionNode = FALSE
	EndGlobalSection
EndGlobal
